
Microsoft Visual Studio Solution File, Format Version 12.00
# Visual Studio Version 16
VisualStudioVersion = 16.0.29306.81
MinimumVisualStudioVersion = 15.0.26124.0
Project("{FAE04EC0-301F-11D3-BF4B-00C04F79EFBC}") = "Api", "Api\Api.csproj", "{7BA78D99-8B8E-4546-AB90-02184894EA51}"
EndProject
Project("{FAE04EC0-301F-11D3-BF4B-00C04F79EFBC}") = "DataStore", "DataStore\DataStore.csproj", "{5DD8E1EF-2CF6-4C36-8BF7-A3743BF493DD}"
EndProject
Project("{FAE04EC0-301F-11D3-BF4B-00C04F79EFBC}") = "Domain", "Domain\Domain.csproj", "{7942F7ED-76A6-46EA-B313-47D681270169}"
EndProject
Project("{FAE04EC0-301F-11D3-BF4B-00C04F79EFBC}") = "Infrastructure", "Infrastructure\Infrastructure.csproj", "{0282BAE3-E67A-4688-A9D4-CF86800791C9}"
EndProject
Global
	GlobalSection(SolutionConfigurationPlatforms) = preSolution
		Debug|Any CPU = Debug|Any CPU
		Debug|x64 = Debug|x64
		Debug|x86 = Debug|x86
		Release|Any CPU = Release|Any CPU
		Release|x64 = Release|x64
		Release|x86 = Release|x86
	EndGlobalSection
	GlobalSection(ProjectConfigurationPlatforms) = postSolution
		{7BA78D99-8B8E-4546-AB90-02184894EA51}.Debug|Any CPU.ActiveCfg = Debug|Any CPU
		{7BA78D99-8B8E-4546-AB90-02184894EA51}.Debug|Any CPU.Build.0 = Debug|Any CPU
		{7BA78D99-8B8E-4546-AB90-02184894EA51}.Debug|x64.ActiveCfg = Debug|Any CPU
		{7BA78D99-8B8E-4546-AB90-02184894EA51}.Debug|x64.Build.0 = Debug|Any CPU
		{7BA78D99-8B8E-4546-AB90-02184894EA51}.Debug|x86.ActiveCfg = Debug|Any CPU
		{7BA78D99-8B8E-4546-AB90-02184894EA51}.Debug|x86.Build.0 = Debug|Any CPU
		{7BA78D99-8B8E-4546-AB90-02184894EA51}.Release|Any CPU.ActiveCfg = Release|Any CPU
		{7BA78D99-8B8E-4546-AB90-02184894EA51}.Release|Any CPU.Build.0 = Release|Any CPU
		{7BA78D99-8B8E-4546-AB90-02184894EA51}.Release|x64.ActiveCfg = Release|Any CPU
		{7BA78D99-8B8E-4546-AB90-02184894EA51}.Release|x64.Build.0 = Release|Any CPU
		{7BA78D99-8B8E-4546-AB90-02184894EA51}.Release|x86.ActiveCfg = Release|Any CPU
		{7BA78D99-8B8E-4546-AB90-02184894EA51}.Release|x86.Build.0 = Release|Any CPU
		{5DD8E1EF-2CF6-4C36-8BF7-A3743BF493DD}.Debug|Any CPU.ActiveCfg = Debug|Any CPU
		{5DD8E1EF-2CF6-4C36-8BF7-A3743BF493DD}.Debug|Any CPU.Build.0 = Debug|Any CPU
		{5DD8E1EF-2CF6-4C36-8BF7-A3743BF493DD}.Debug|x64.ActiveCfg = Debug|Any CPU
		{5DD8E1EF-2CF6-4C36-8BF7-A3743BF493DD}.Debug|x64.Build.0 = Debug|Any CPU
		{5DD8E1EF-2CF6-4C36-8BF7-A3743BF493DD}.Debug|x86.ActiveCfg = Debug|Any CPU
		{5DD8E1EF-2CF6-4C36-8BF7-A3743BF493DD}.Debug|x86.Build.0 = Debug|Any CPU
		{5DD8E1EF-2CF6-4C36-8BF7-A3743BF493DD}.Release|Any CPU.ActiveCfg = Release|Any CPU
		{5DD8E1EF-2CF6-4C36-8BF7-A3743BF493DD}.Release|Any CPU.Build.0 = Release|Any CPU
		{5DD8E1EF-2CF6-4C36-8BF7-A3743BF493DD}.Release|x64.ActiveCfg = Release|Any CPU
		{5DD8E1EF-2CF6-4C36-8BF7-A3743BF493DD}.Release|x64.Build.0 = Release|Any CPU
		{5DD8E1EF-2CF6-4C36-8BF7-A3743BF493DD}.Release|x86.ActiveCfg = Release|Any CPU
		{5DD8E1EF-2CF6-4C36-8BF7-A3743BF493DD}.Release|x86.Build.0 = Release|Any CPU
		{7942F7ED-76A6-46EA-B313-47D681270169}.Debug|Any CPU.ActiveCfg = Debug|Any CPU
		{7942F7ED-76A6-46EA-B313-47D681270169}.Debug|Any CPU.Build.0 = Debug|Any CPU
		{7942F7ED-76A6-46EA-B313-47D681270169}.Debug|x64.ActiveCfg = Debug|Any CPU
		{7942F7ED-76A6-46EA-B313-47D681270169}.Debug|x64.Build.0 = Debug|Any CPU
		{7942F7ED-76A6-46EA-B313-47D681270169}.Debug|x86.ActiveCfg = Debug|Any CPU
		{7942F7ED-76A6-46EA-B313-47D681270169}.Debug|x86.Build.0 = Debug|Any CPU
		{7942F7ED-76A6-46EA-B313-47D681270169}.Release|Any CPU.ActiveCfg = Release|Any CPU
		{7942F7ED-76A6-46EA-B313-47D681270169}.Release|Any CPU.Build.0 = Release|Any CPU
		{7942F7ED-76A6-46EA-B313-47D681270169}.Release|x64.ActiveCfg = Release|Any CPU
		{7942F7ED-76A6-46EA-B313-47D681270169}.Release|x64.Build.0 = Release|Any CPU
		{7942F7ED-76A6-46EA-B313-47D681270169}.Release|x86.ActiveCfg = Release|Any CPU
		{7942F7ED-76A6-46EA-B313-47D681270169}.Release|x86.Build.0 = Release|Any CPU
		{0282BAE3-E67A-4688-A9D4-CF86800791C9}.Debug|Any CPU.ActiveCfg = Debug|Any CPU
		{0282BAE3-E67A-4688-A9D4-CF86800791C9}.Debug|Any CPU.Build.0 = Debug|Any CPU
		{0282BAE3-E67A-4688-A9D4-CF86800791C9}.Debug|x64.ActiveCfg = Debug|Any CPU
		{0282BAE3-E67A-4688-A9D4-CF86800791C9}.Debug|x64.Build.0 = Debug|Any CPU
		{0282BAE3-E67A-4688-A9D4-CF86800791C9}.Debug|x86.ActiveCfg = Debug|Any CPU
		{0282BAE3-E67A-4688-A9D4-CF86800791C9}.Debug|x86.Build.0 = Debug|Any CPU
		{0282BAE3-E67A-4688-A9D4-CF86800791C9}.Release|Any CPU.ActiveCfg = Release|Any CPU
		{0282BAE3-E67A-4688-A9D4-CF86800791C9}.Release|Any CPU.Build.0 = Release|Any CPU
		{0282BAE3-E67A-4688-A9D4-CF86800791C9}.Release|x64.ActiveCfg = Release|Any CPU
		{0282BAE3-E67A-4688-A9D4-CF86800791C9}.Release|x64.Build.0 = Release|Any CPU
		{0282BAE3-E67A-4688-A9D4-CF86800791C9}.Release|x86.ActiveCfg = Release|Any CPU
		{0282BAE3-E67A-4688-A9D4-CF86800791C9}.Release|x86.Build.0 = Release|Any CPU
	EndGlobalSection
	GlobalSection(SolutionProperties) = preSolution
		HideSolutionNode = FALSE
	EndGlobalSection
	GlobalSection(ExtensibilityGlobals) = postSolution
		SolutionGuid = {77C0BE8D-734E-4A82-A1E9-69507012B771}
	EndGlobalSection
EndGlobal
